{
  "name": "cc-cedict-js",
  "version": "1.0.0",
  "lockfileVersion": 1,
  "requires": true,
  "dependencies": {
    "hanzi-writer-data": {
      "version": "2.0.1",
      "resolved": "https://registry.npmjs.org/hanzi-writer-data/-/hanzi-writer-data-2.0.1.tgz",
      "integrity": "sha512-nbQwM+MaryGoq7pBMIZLCd3lFq03nXuJuwku1+6UbjL58uU+9OULVcMkoNvNuJSoIV7f1bbPRfD4D/LQa5S7qg=="
    },
    "pinyin-tone-convert": {
      "version": "0.0.2",
      "resolved": "https://registry.npmjs.org/pinyin-tone-convert/-/pinyin-tone-convert-0.0.2.tgz",
      "integrity": "sha512-l8NImQpL/3jAI1GrxIm0doQTRksnVKtj2jpcEixpT8IsJ7lGnlRBpDQXQaGH4OQpiqwnVgGZ5UOPPOpV8TQe1g==",
      "requires": {
        "pinyin-tone-parse": "0.1.1"
      }
    },
    "pinyin-tone-parse": {
      "version": "0.1.1",
      "resolved": "https://registry.npmjs.org/pinyin-tone-parse/-/pinyin-tone-parse-0.1.1.tgz",
      "integrity": "sha512-UTF2HUkPAPbQHqnksXcW6rPCquRetwa05zKC1ABcpF5IEXRAN8tp+Bo5KjicPwjPN50VA1iTumyNoHNU4d38cA=="
    }
  }
}
